
Microsoft Visual Studio Solution File, Format Version 12.00
# Visual Studio Version 17
VisualStudioVersion = 17.5.33627.172
MinimumVisualStudioVersion = 10.0.40219.1
Project("{FAE04EC0-301F-11D3-BF4B-00C04F79EFBC}") = "Control_Transacciones", "Control_Transacciones.csproj", "{278BB064-0673-48CF-B115-E6872211CB5E}"
EndProject
Global
	GlobalSection(SolutionConfigurationPlatforms) = preSolution
		Debug|Any CPU = Debug|Any CPU
		Release|Any CPU = Release|Any CPU
	EndGlobalSection
	GlobalSection(ProjectConfigurationPlatforms) = postSolution
		{278BB064-0673-48CF-B115-E6872211CB5E}.Debug|Any CPU.ActiveCfg = Debug|Any CPU
		{278BB064-0673-48CF-B115-E6872211CB5E}.Debug|Any CPU.Build.0 = Debug|Any CPU
		{278BB064-0673-48CF-B115-E6872211CB5E}.Release|Any CPU.ActiveCfg = Release|Any CPU
		{278BB064-0673-48CF-B115-E6872211CB5E}.Release|Any CPU.Build.0 = Release|Any CPU
	EndGlobalSection
	GlobalSection(SolutionProperties) = preSolution
		HideSolutionNode = FALSE
	EndGlobalSection
	GlobalSection(ExtensibilityGlobals) = postSolution
		SolutionGuid = {00EC50F7-1FCB-4824-A729-87EF047F8BC0}
	EndGlobalSection
EndGlobal
